# This file is automatically @generated by Poetry 1.7.1 and should not be changed by hand.

[[package]]
name = "appscript"
version = "1.2.5"
description = "Control AppleScriptable applications from Python."
optional = false
python-versions = "*"
files = [
    {file = "appscript-1.2.5-cp310-cp310-macosx_10_9_universal2.whl", hash = "sha256:12b8bc24fe255eadab0a043a74524c76b5e659b7c6eb6a69bf98da32e889f452"},
    {file = "appscript-1.2.5-cp310-cp310-macosx_10_9_x86_64.whl", hash = "sha256:fc5493bdc9ceead168becfc84795f832269f8973a242ba61ba99b2b0d68ee759"},
    {file = "appscript-1.2.5-cp311-cp311-macosx_10_9_universal2.whl", hash = "sha256:3fefd0714badd8360f0e21a41cbf0e4ad6e6c465ecad36254b2461f83ef4794c"},
    {file = "appscript-1.2.5-cp311-cp311-macosx_10_9_x86_64.whl", hash = "sha256:abec9ab811fa254a46080fd73ef2e98fee11c4813ba00412780b6149b25b7c07"},
    {file = "appscript-1.2.5-cp312-cp312-macosx_10_9_universal2.whl", hash = "sha256:9c361553eaf02f7c063b60b07f4933d35264437ca30c2724265feb61bb633eec"},
    {file = "appscript-1.2.5-cp312-cp312-macosx_10_9_x86_64.whl", hash = "sha256:00e1625c4a45c30023e502700bc84973dc986f36ab9be1e4f17a9a6a7ad6638c"},
    {file = "appscript-1.2.5-cp38-cp38-macosx_10_9_universal2.whl", hash = "sha256:8c9a352e48656ceed9af2a0dd2d07fe8e3f3c941e6951328cba905ca18270005"},
    {file = "appscript-1.2.5-cp38-cp38-macosx_10_9_x86_64.whl", hash = "sha256:38ece8d0f518413101310836fc0ebe73c902e93a977660aa2487309a4035ef12"},
    {file = "appscript-1.2.5-cp39-cp39-macosx_10_9_universal2.whl", hash = "sha256:5b48a961d155a5011478a12c0fa70299ca75515b0584c18fe5d60c7102567da8"},
    {file = "appscript-1.2.5-cp39-cp39-macosx_10_9_x86_64.whl", hash = "sha256:8fa621c6b4a15c10d4eee96bcb3f7c40366d1749797ae6669a8ba9f1fdf7fb0c"},
    {file = "appscript-1.2.5.tar.gz", hash = "sha256:54b77b0fa5b40482b32413f3634b7a5125a21495d19c7867174fb293cbb50d0d"},
]

[package.dependencies]
lxml = ">=4.7.1"

[[package]]
name = "asttokens"
version = "2.4.1"
description = "Annotate AST trees with source code positions"
optional = false
python-versions = "*"
files = [
    {file = "asttokens-2.4.1-py2.py3-none-any.whl", hash = "sha256:051ed49c3dcae8913ea7cd08e46a606dba30b79993209636c4875bc1d637bc24"},
    {file = "asttokens-2.4.1.tar.gz", hash = "sha256:b03869718ba9a6eb027e134bfdf69f38a236d681c83c160d510768af11254ba0"},
]

[package.dependencies]
six = ">=1.12.0"

[package.extras]
astroid = ["astroid (>=1,<2)", "astroid (>=2,<4)"]
test = ["astroid (>=1,<2)", "astroid (>=2,<4)", "pytest"]

[[package]]
name = "colorama"
version = "0.4.6"
description = "Cross-platform colored terminal text."
optional = false
python-versions = "!=3.0.*,!=3.1.*,!=3.2.*,!=3.3.*,!=3.4.*,!=3.5.*,!=3.6.*,>=2.7"
files = [
    {file = "colorama-0.4.6-py2.py3-none-any.whl", hash = "sha256:4f1d9991f5acc0ca119f9d443620b77f9d6b33703e51011c16baf57afb285fc6"},
    {file = "colorama-0.4.6.tar.gz", hash = "sha256:08695f5cb7ed6e0531a20572697297273c47b8cae5a63ffc6d6ed5c201be6e44"},
]

[[package]]
name = "executing"
version = "2.0.1"
description = "Get the currently executing AST node of a frame, and other information"
optional = false
python-versions = ">=3.5"
files = [
    {file = "executing-2.0.1-py2.py3-none-any.whl", hash = "sha256:eac49ca94516ccc753f9fb5ce82603156e590b27525a8bc32cce8ae302eb61bc"},
    {file = "executing-2.0.1.tar.gz", hash = "sha256:35afe2ce3affba8ee97f2d69927fa823b08b472b7b994e36a52a964b93d16147"},
]

[package.extras]
tests = ["asttokens (>=2.1.0)", "coverage", "coverage-enable-subprocess", "ipython", "littleutils", "pytest", "rich"]

[[package]]
name = "icecream"
version = "2.1.3"
description = "Never use print() to debug again; inspect variables, expressions, and program execution with a single, simple function call."
optional = false
python-versions = "*"
files = [
    {file = "icecream-2.1.3-py2.py3-none-any.whl", hash = "sha256:757aec31ad4488b949bc4f499d18e6e5973c40cc4d4fc607229e78cfaec94c34"},
    {file = "icecream-2.1.3.tar.gz", hash = "sha256:0aa4a7c3374ec36153a1d08f81e3080e83d8ac1eefd97d2f4fe9544e8f9b49de"},
]

[package.dependencies]
asttokens = ">=2.0.1"
colorama = ">=0.3.9"
executing = ">=0.3.1"
pygments = ">=2.2.0"

[[package]]
name = "lxml"
version = "5.1.0"
description = "Powerful and Pythonic XML processing library combining libxml2/libxslt with the ElementTree API."
optional = false
python-versions = ">=3.6"
files = [
    {file = "lxml-5.1.0-cp310-cp310-macosx_10_9_universal2.whl", hash = "sha256:704f5572ff473a5f897745abebc6df40f22d4133c1e0a1f124e4f2bd3330ff7e"},
    {file = "lxml-5.1.0-cp310-cp310-macosx_10_9_x86_64.whl", hash = "sha256:9d3c0f8567ffe7502d969c2c1b809892dc793b5d0665f602aad19895f8d508da"},
    {file = "lxml-5.1.0-cp310-cp310-macosx_11_0_arm64.whl", hash = "sha256:5fcfbebdb0c5d8d18b84118842f31965d59ee3e66996ac842e21f957eb76138c"},
    {file = "lxml-5.1.0-cp310-cp310-manylinux_2_12_i686.manylinux2010_i686.manylinux_2_17_i686.manylinux2014_i686.whl", hash = "sha256:2f37c6d7106a9d6f0708d4e164b707037b7380fcd0b04c5bd9cae1fb46a856fb"},
    {file = "lxml-5.1.0-cp310-cp310-manylinux_2_17_aarch64.manylinux2014_aarch64.whl", hash = "sha256:2befa20a13f1a75c751f47e00929fb3433d67eb9923c2c0b364de449121f447c"},
    {file = "lxml-5.1.0-cp310-cp310-manylinux_2_17_x86_64.manylinux2014_x86_64.whl", hash = "sha256:22b7ee4c35f374e2c20337a95502057964d7e35b996b1c667b5c65c567d2252a"},
    {file = "lxml-5.1.0-cp310-cp310-musllinux_1_1_aarch64.whl", hash = "sha256:bf8443781533b8d37b295016a4b53c1494fa9a03573c09ca5104550c138d5c05"},
    {file = "lxml-5.1.0-cp310-cp310-musllinux_1_1_x86_64.whl", hash = "sha256:82bddf0e72cb2af3cbba7cec1d2fd11fda0de6be8f4492223d4a268713ef2147"},
    {file = "lxml-5.1.0-cp310-cp310-win32.whl", hash = "sha256:b66aa6357b265670bb574f050ffceefb98549c721cf28351b748be1ef9577d93"},
    {file = "lxml-5.1.0-cp310-cp310-win_amd64.whl", hash = "sha256:4946e7f59b7b6a9e27bef34422f645e9a368cb2be11bf1ef3cafc39a1f6ba68d"},
    {file = "lxml-5.1.0-cp311-cp311-macosx_10_9_universal2.whl", hash = "sha256:14deca1460b4b0f6b01f1ddc9557704e8b365f55c63070463f6c18619ebf964f"},
    {file = "lxml-5.1.0-cp311-cp311-macosx_10_9_x86_64.whl", hash = "sha256:ed8c3d2cd329bf779b7ed38db176738f3f8be637bb395ce9629fc76f78afe3d4"},
    {file = "lxml-5.1.0-cp311-cp311-macosx_11_0_arm64.whl", hash = "sha256:436a943c2900bb98123b06437cdd30580a61340fbdb7b28aaf345a459c19046a"},
    {file = "lxml-5.1.0-cp311-cp311-manylinux_2_12_i686.manylinux2010_i686.manylinux_2_17_i686.manylinux2014_i686.whl", hash = "sha256:acb6b2f96f60f70e7f34efe0c3ea34ca63f19ca63ce90019c6cbca6b676e81fa"},
    {file = "lxml-5.1.0-cp311-cp311-manylinux_2_17_aarch64.manylinux2014_aarch64.whl", hash = "sha256:af8920ce4a55ff41167ddbc20077f5698c2e710ad3353d32a07d3264f3a2021e"},
    {file = "lxml-5.1.0-cp311-cp311-manylinux_2_17_x86_64.manylinux2014_x86_64.whl", hash = "sha256:7cfced4a069003d8913408e10ca8ed092c49a7f6cefee9bb74b6b3e860683b45"},
    {file = "lxml-5.1.0-cp311-cp311-musllinux_1_1_aarch64.whl", hash = "sha256:9e5ac3437746189a9b4121db2a7b86056ac8786b12e88838696899328fc44bb2"},
    {file = "lxml-5.1.0-cp311-cp311-musllinux_1_1_x86_64.whl", hash = "sha256:f4c9bda132ad108b387c33fabfea47866af87f4ea6ffb79418004f0521e63204"},
    {file = "lxml-5.1.0-cp311-cp311-win32.whl", hash = "sha256:bc64d1b1dab08f679fb89c368f4c05693f58a9faf744c4d390d7ed1d8223869b"},
    {file = "lxml-5.1.0-cp311-cp311-win_amd64.whl", hash = "sha256:a5ab722ae5a873d8dcee1f5f45ddd93c34210aed44ff2dc643b5025981908cda"},
    {file = "lxml-5.1.0-cp312-cp312-macosx_10_9_universal2.whl", hash = "sha256:9aa543980ab1fbf1720969af1d99095a548ea42e00361e727c58a40832439114"},
    {file = "lxml-5.1.0-cp312-cp312-macosx_10_9_x86_64.whl", hash = "sha256:6f11b77ec0979f7e4dc5ae081325a2946f1fe424148d3945f943ceaede98adb8"},
    {file = "lxml-5.1.0-cp312-cp312-macosx_11_0_arm64.whl", hash = "sha256:a36c506e5f8aeb40680491d39ed94670487ce6614b9d27cabe45d94cd5d63e1e"},
    {file = "lxml-5.1.0-cp312-cp312-manylinux_2_12_i686.manylinux2010_i686.manylinux_2_17_i686.manylinux2014_i686.whl", hash = "sha256:f643ffd2669ffd4b5a3e9b41c909b72b2a1d5e4915da90a77e119b8d48ce867a"},
    {file = "lxml-5.1.0-cp312-cp312-manylinux_2_17_aarch64.manylinux2014_aarch64.whl", hash = "sha256:16dd953fb719f0ffc5bc067428fc9e88f599e15723a85618c45847c96f11f431"},
    {file = "lxml-5.1.0-cp312-cp312-manylinux_2_17_x86_64.manylinux2014_x86_64.whl", hash = "sha256:16018f7099245157564d7148165132c70adb272fb5a17c048ba70d9cc542a1a1"},
    {file = "lxml-5.1.0-cp312-cp312-musllinux_1_1_aarch64.whl", hash = "sha256:82cd34f1081ae4ea2ede3d52f71b7be313756e99b4b5f829f89b12da552d3aa3"},
    {file = "lxml-5.1.0-cp312-cp312-musllinux_1_1_x86_64.whl", hash = "sha256:19a1bc898ae9f06bccb7c3e1dfd73897ecbbd2c96afe9095a6026016e5ca97b8"},
    {file = "lxml-5.1.0-cp312-cp312-win32.whl", hash = "sha256:13521a321a25c641b9ea127ef478b580b5ec82aa2e9fc076c86169d161798b01"},
    {file = "lxml-5.1.0-cp312-cp312-win_amd64.whl", hash = "sha256:1ad17c20e3666c035db502c78b86e58ff6b5991906e55bdbef94977700c72623"},
    {file = "lxml-5.1.0-cp36-cp36m-macosx_10_9_x86_64.whl", hash = "sha256:24ef5a4631c0b6cceaf2dbca21687e29725b7c4e171f33a8f8ce23c12558ded1"},
    {file = "lxml-5.1.0-cp36-cp36m-manylinux_2_12_i686.manylinux2010_i686.manylinux_2_17_i686.manylinux2014_i686.whl", hash = "sha256:8d2900b7f5318bc7ad8631d3d40190b95ef2aa8cc59473b73b294e4a55e9f30f"},
    {file = "lxml-5.1.0-cp36-cp36m-manylinux_2_17_aarch64.manylinux2014_aarch64.whl", hash = "sha256:601f4a75797d7a770daed8b42b97cd1bb1ba18bd51a9382077a6a247a12aa38d"},
    {file = "lxml-5.1.0-cp36-cp36m-manylinux_2_17_x86_64.manylinux2014_x86_64.whl", hash = "sha256:b4b68c961b5cc402cbd99cca5eb2547e46ce77260eb705f4d117fd9c3f932b95"},
    {file = "lxml-5.1.0-cp36-cp36m-musllinux_1_1_aarch64.whl", hash = "sha256:afd825e30f8d1f521713a5669b63657bcfe5980a916c95855060048b88e1adb7"},
    {file = "lxml-5.1.0-cp36-cp36m-musllinux_1_1_x86_64.whl", hash = "sha256:262bc5f512a66b527d026518507e78c2f9c2bd9eb5c8aeeb9f0eb43fcb69dc67"},
    {file = "lxml-5.1.0-cp36-cp36m-win32.whl", hash = "sha256:e856c1c7255c739434489ec9c8aa9cdf5179785d10ff20add308b5d673bed5cd"},
    {file = "lxml-5.1.0-cp36-cp36m-win_amd64.whl", hash = "sha256:c7257171bb8d4432fe9d6fdde4d55fdbe663a63636a17f7f9aaba9bcb3153ad7"},
    {file = "lxml-5.1.0-cp37-cp37m-macosx_10_9_x86_64.whl", hash = "sha256:b9e240ae0ba96477682aa87899d94ddec1cc7926f9df29b1dd57b39e797d5ab5"},
    {file = "lxml-5.1.0-cp37-cp37m-manylinux_2_12_i686.manylinux2010_i686.manylinux_2_17_i686.manylinux2014_i686.whl", hash = "sha256:a96f02ba1bcd330807fc060ed91d1f7a20853da6dd449e5da4b09bfcc08fdcf5"},
    {file = "lxml-5.1.0-cp37-cp37m-manylinux_2_17_aarch64.manylinux2014_aarch64.whl", hash = "sha256:3e3898ae2b58eeafedfe99e542a17859017d72d7f6a63de0f04f99c2cb125936"},
    {file = "lxml-5.1.0-cp37-cp37m-manylinux_2_17_x86_64.manylinux2014_x86_64.whl", hash = "sha256:61c5a7edbd7c695e54fca029ceb351fc45cd8860119a0f83e48be44e1c464862"},
    {file = "lxml-5.1.0-cp37-cp37m-musllinux_1_1_aarch64.whl", hash = "sha256:3aeca824b38ca78d9ee2ab82bd9883083d0492d9d17df065ba3b94e88e4d7ee6"},
    {file = "lxml-5.1.0-cp37-cp37m-musllinux_1_1_x86_64.whl", hash = "sha256:8f52fe6859b9db71ee609b0c0a70fea5f1e71c3462ecf144ca800d3f434f0764"},
    {file = "lxml-5.1.0-cp37-cp37m-win32.whl", hash = "sha256:d42e3a3fc18acc88b838efded0e6ec3edf3e328a58c68fbd36a7263a874906c8"},
    {file = "lxml-5.1.0-cp37-cp37m-win_amd64.whl", hash = "sha256:eac68f96539b32fce2c9b47eb7c25bb2582bdaf1bbb360d25f564ee9e04c542b"},
    {file = "lxml-5.1.0-cp38-cp38-macosx_10_9_universal2.whl", hash = "sha256:ae15347a88cf8af0949a9872b57a320d2605ae069bcdf047677318bc0bba45b1"},
    {file = "lxml-5.1.0-cp38-cp38-macosx_10_9_x86_64.whl", hash = "sha256:c26aab6ea9c54d3bed716b8851c8bfc40cb249b8e9880e250d1eddde9f709bf5"},
    {file = "lxml-5.1.0-cp38-cp38-manylinux_2_12_i686.manylinux2010_i686.manylinux_2_17_i686.manylinux2014_i686.whl", hash = "sha256:342e95bddec3a698ac24378d61996b3ee5ba9acfeb253986002ac53c9a5f6f84"},
    {file = "lxml-5.1.0-cp38-cp38-manylinux_2_17_aarch64.manylinux2014_aarch64.whl", hash = "sha256:725e171e0b99a66ec8605ac77fa12239dbe061482ac854d25720e2294652eeaa"},
    {file = "lxml-5.1.0-cp38-cp38-manylinux_2_17_x86_64.manylinux2014_x86_64.whl", hash = "sha256:3d184e0d5c918cff04cdde9dbdf9600e960161d773666958c9d7b565ccc60c45"},
    {file = "lxml-5.1.0-cp38-cp38-musllinux_1_1_aarch64.whl", hash = "sha256:98f3f020a2b736566c707c8e034945c02aa94e124c24f77ca097c446f81b01f1"},
    {file = "lxml-5.1.0-cp38-cp38-musllinux_1_1_x86_64.whl", hash = "sha256:6d48fc57e7c1e3df57be5ae8614bab6d4e7b60f65c5457915c26892c41afc59e"},
    {file = "lxml-5.1.0-cp38-cp38-win32.whl", hash = "sha256:7ec465e6549ed97e9f1e5ed51c657c9ede767bc1c11552f7f4d022c4df4a977a"},
    {file = "lxml-5.1.0-cp38-cp38-win_amd64.whl", hash = "sha256:b21b4031b53d25b0858d4e124f2f9131ffc1530431c6d1321805c90da78388d1"},
    {file = "lxml-5.1.0-cp39-cp39-macosx_10_9_universal2.whl", hash = "sha256:52427a7eadc98f9e62cb1368a5079ae826f94f05755d2d567d93ee1bc3ceb354"},
    {file = "lxml-5.1.0-cp39-cp39-macosx_10_9_x86_64.whl", hash = "sha256:6a2a2c724d97c1eb8cf966b16ca2915566a4904b9aad2ed9a09c748ffe14f969"},
    {file = "lxml-5.1.0-cp39-cp39-macosx_11_0_arm64.whl", hash = "sha256:843b9c835580d52828d8f69ea4302537337a21e6b4f1ec711a52241ba4a824f3"},
    {file = "lxml-5.1.0-cp39-cp39-manylinux_2_12_i686.manylinux2010_i686.manylinux_2_17_i686.manylinux2014_i686.whl", hash = "sha256:9b99f564659cfa704a2dd82d0684207b1aadf7d02d33e54845f9fc78e06b7581"},
    {file = "lxml-5.1.0-cp39-cp39-manylinux_2_17_aarch64.manylinux2014_aarch64.whl", hash = "sha256:4f8b0c78e7aac24979ef09b7f50da871c2de2def043d468c4b41f512d831e912"},
    {file = "lxml-5.1.0-cp39-cp39-manylinux_2_17_x86_64.manylinux2014_x86_64.whl", hash = "sha256:9bcf86dfc8ff3e992fed847c077bd875d9e0ba2fa25d859c3a0f0f76f07f0c8d"},
    {file = "lxml-5.1.0-cp39-cp39-musllinux_1_1_aarch64.whl", hash = "sha256:49a9b4af45e8b925e1cd6f3b15bbba2c81e7dba6dce170c677c9cda547411e14"},
    {file = "lxml-5.1.0-cp39-cp39-musllinux_1_1_x86_64.whl", hash = "sha256:280f3edf15c2a967d923bcfb1f8f15337ad36f93525828b40a0f9d6c2ad24890"},
    {file = "lxml-5.1.0-cp39-cp39-win32.whl", hash = "sha256:ed7326563024b6e91fef6b6c7a1a2ff0a71b97793ac33dbbcf38f6005e51ff6e"},
    {file = "lxml-5.1.0-cp39-cp39-win_amd64.whl", hash = "sha256:8d7b4beebb178e9183138f552238f7e6613162a42164233e2bda00cb3afac58f"},
    {file = "lxml-5.1.0-pp310-pypy310_pp73-macosx_10_9_x86_64.whl", hash = "sha256:9bd0ae7cc2b85320abd5e0abad5ccee5564ed5f0cc90245d2f9a8ef330a8deae"},
    {file = "lxml-5.1.0-pp310-pypy310_pp73-manylinux_2_17_x86_64.manylinux2014_x86_64.whl", hash = "sha256:d8c1d679df4361408b628f42b26a5d62bd3e9ba7f0c0e7969f925021554755aa"},
    {file = "lxml-5.1.0-pp310-pypy310_pp73-win_amd64.whl", hash = "sha256:2ad3a8ce9e8a767131061a22cd28fdffa3cd2dc193f399ff7b81777f3520e372"},
    {file = "lxml-5.1.0-pp37-pypy37_pp73-macosx_10_9_x86_64.whl", hash = "sha256:304128394c9c22b6569eba2a6d98392b56fbdfbad58f83ea702530be80d0f9df"},
    {file = "lxml-5.1.0-pp37-pypy37_pp73-manylinux_2_17_x86_64.manylinux2014_x86_64.whl", hash = "sha256:d74fcaf87132ffc0447b3c685a9f862ffb5b43e70ea6beec2fb8057d5d2a1fea"},
    {file = "lxml-5.1.0-pp37-pypy37_pp73-win_amd64.whl", hash = "sha256:8cf5877f7ed384dabfdcc37922c3191bf27e55b498fecece9fd5c2c7aaa34c33"},
    {file = "lxml-5.1.0-pp38-pypy38_pp73-macosx_10_9_x86_64.whl", hash = "sha256:877efb968c3d7eb2dad540b6cabf2f1d3c0fbf4b2d309a3c141f79c7e0061324"},
    {file = "lxml-5.1.0-pp38-pypy38_pp73-manylinux_2_17_x86_64.manylinux2014_x86_64.whl", hash = "sha256:3f14a4fb1c1c402a22e6a341a24c1341b4a3def81b41cd354386dcb795f83897"},
    {file = "lxml-5.1.0-pp38-pypy38_pp73-win_amd64.whl", hash = "sha256:25663d6e99659544ee8fe1b89b1a8c0aaa5e34b103fab124b17fa958c4a324a6"},
    {file = "lxml-5.1.0-pp39-pypy39_pp73-macosx_10_9_x86_64.whl", hash = "sha256:8b9f19df998761babaa7f09e6bc169294eefafd6149aaa272081cbddc7ba4ca3"},
    {file = "lxml-5.1.0-pp39-pypy39_pp73-manylinux_2_17_x86_64.manylinux2014_x86_64.whl", hash = "sha256:5e53d7e6a98b64fe54775d23a7c669763451340c3d44ad5e3a3b48a1efbdc96f"},
    {file = "lxml-5.1.0-pp39-pypy39_pp73-win_amd64.whl", hash = "sha256:c3cd1fc1dc7c376c54440aeaaa0dcc803d2126732ff5c6b68ccd619f2e64be4f"},
    {file = "lxml-5.1.0.tar.gz", hash = "sha256:3eea6ed6e6c918e468e693c41ef07f3c3acc310b70ddd9cc72d9ef84bc9564ca"},
]

[package.extras]
cssselect = ["cssselect (>=0.7)"]
html5 = ["html5lib"]
htmlsoup = ["BeautifulSoup4"]
source = ["Cython (>=3.0.7)"]

[[package]]
name = "psutil"
version = "5.9.8"
description = "Cross-platform lib for process and system monitoring in Python."
optional = false
python-versions = ">=2.7, !=3.0.*, !=3.1.*, !=3.2.*, !=3.3.*, !=3.4.*, !=3.5.*"
files = [
    {file = "psutil-5.9.8-cp27-cp27m-macosx_10_9_x86_64.whl", hash = "sha256:26bd09967ae00920df88e0352a91cff1a78f8d69b3ecabbfe733610c0af486c8"},
    {file = "psutil-5.9.8-cp27-cp27m-manylinux2010_i686.whl", hash = "sha256:05806de88103b25903dff19bb6692bd2e714ccf9e668d050d144012055cbca73"},
    {file = "psutil-5.9.8-cp27-cp27m-manylinux2010_x86_64.whl", hash = "sha256:611052c4bc70432ec770d5d54f64206aa7203a101ec273a0cd82418c86503bb7"},
    {file = "psutil-5.9.8-cp27-cp27mu-manylinux2010_i686.whl", hash = "sha256:50187900d73c1381ba1454cf40308c2bf6f34268518b3f36a9b663ca87e65e36"},
    {file = "psutil-5.9.8-cp27-cp27mu-manylinux2010_x86_64.whl", hash = "sha256:02615ed8c5ea222323408ceba16c60e99c3f91639b07da6373fb7e6539abc56d"},
    {file = "psutil-5.9.8-cp27-none-win32.whl", hash = "sha256:36f435891adb138ed3c9e58c6af3e2e6ca9ac2f365efe1f9cfef2794e6c93b4e"},
    {file = "psutil-5.9.8-cp27-none-win_amd64.whl", hash = "sha256:bd1184ceb3f87651a67b2708d4c3338e9b10c5df903f2e3776b62303b26cb631"},
    {file = "psutil-5.9.8-cp36-abi3-macosx_10_9_x86_64.whl", hash = "sha256:aee678c8720623dc456fa20659af736241f575d79429a0e5e9cf88ae0605cc81"},
    {file = "psutil-5.9.8-cp36-abi3-manylinux_2_12_i686.manylinux2010_i686.manylinux_2_17_i686.manylinux2014_i686.whl", hash = "sha256:8cb6403ce6d8e047495a701dc7c5bd788add903f8986d523e3e20b98b733e421"},
    {file = "psutil-5.9.8-cp36-abi3-manylinux_2_12_x86_64.manylinux2010_x86_64.manylinux_2_17_x86_64.manylinux2014_x86_64.whl", hash = "sha256:d06016f7f8625a1825ba3732081d77c94589dca78b7a3fc072194851e88461a4"},
    {file = "psutil-5.9.8-cp36-cp36m-win32.whl", hash = "sha256:7d79560ad97af658a0f6adfef8b834b53f64746d45b403f225b85c5c2c140eee"},
    {file = "psutil-5.9.8-cp36-cp36m-win_amd64.whl", hash = "sha256:27cc40c3493bb10de1be4b3f07cae4c010ce715290a5be22b98493509c6299e2"},
    {file = "psutil-5.9.8-cp37-abi3-win32.whl", hash = "sha256:bc56c2a1b0d15aa3eaa5a60c9f3f8e3e565303b465dbf57a1b730e7a2b9844e0"},
    {file = "psutil-5.9.8-cp37-abi3-win_amd64.whl", hash = "sha256:8db4c1b57507eef143a15a6884ca10f7c73876cdf5d51e713151c1236a0e68cf"},
    {file = "psutil-5.9.8-cp38-abi3-macosx_11_0_arm64.whl", hash = "sha256:d16bbddf0693323b8c6123dd804100241da461e41d6e332fb0ba6058f630f8c8"},
    {file = "psutil-5.9.8.tar.gz", hash = "sha256:6be126e3225486dff286a8fb9a06246a5253f4c7c53b475ea5f5ac934e64194c"},
]

[package.extras]
test = ["enum34", "ipaddress", "mock", "pywin32", "wmi"]

[[package]]
name = "pygments"
version = "2.17.2"
description = "Pygments is a syntax highlighting package written in Python."
optional = false
python-versions = ">=3.7"
files = [
    {file = "pygments-2.17.2-py3-none-any.whl", hash = "sha256:b27c2826c47d0f3219f29554824c30c5e8945175d888647acd804ddd04af846c"},
    {file = "pygments-2.17.2.tar.gz", hash = "sha256:da46cec9fd2de5be3a8a784f434e4c4ab670b4ff54d605c4c2717e9d49c4c367"},
]

[package.extras]
plugins = ["importlib-metadata"]
windows-terminal = ["colorama (>=0.4.6)"]

[[package]]
name = "pywin32"
version = "306"
description = "Python for Window Extensions"
optional = false
python-versions = "*"
files = [
    {file = "pywin32-306-cp310-cp310-win32.whl", hash = "sha256:06d3420a5155ba65f0b72f2699b5bacf3109f36acbe8923765c22938a69dfc8d"},
    {file = "pywin32-306-cp310-cp310-win_amd64.whl", hash = "sha256:84f4471dbca1887ea3803d8848a1616429ac94a4a8d05f4bc9c5dcfd42ca99c8"},
    {file = "pywin32-306-cp311-cp311-win32.whl", hash = "sha256:e65028133d15b64d2ed8f06dd9fbc268352478d4f9289e69c190ecd6818b6407"},
    {file = "pywin32-306-cp311-cp311-win_amd64.whl", hash = "sha256:a7639f51c184c0272e93f244eb24dafca9b1855707d94c192d4a0b4c01e1100e"},
    {file = "pywin32-306-cp311-cp311-win_arm64.whl", hash = "sha256:70dba0c913d19f942a2db25217d9a1b726c278f483a919f1abfed79c9cf64d3a"},
    {file = "pywin32-306-cp312-cp312-win32.whl", hash = "sha256:383229d515657f4e3ed1343da8be101000562bf514591ff383ae940cad65458b"},
    {file = "pywin32-306-cp312-cp312-win_amd64.whl", hash = "sha256:37257794c1ad39ee9be652da0462dc2e394c8159dfd913a8a4e8eb6fd346da0e"},
    {file = "pywin32-306-cp312-cp312-win_arm64.whl", hash = "sha256:5821ec52f6d321aa59e2db7e0a35b997de60c201943557d108af9d4ae1ec7040"},
    {file = "pywin32-306-cp37-cp37m-win32.whl", hash = "sha256:1c73ea9a0d2283d889001998059f5eaaba3b6238f767c9cf2833b13e6a685f65"},
    {file = "pywin32-306-cp37-cp37m-win_amd64.whl", hash = "sha256:72c5f621542d7bdd4fdb716227be0dd3f8565c11b280be6315b06ace35487d36"},
    {file = "pywin32-306-cp38-cp38-win32.whl", hash = "sha256:e4c092e2589b5cf0d365849e73e02c391c1349958c5ac3e9d5ccb9a28e017b3a"},
    {file = "pywin32-306-cp38-cp38-win_amd64.whl", hash = "sha256:e8ac1ae3601bee6ca9f7cb4b5363bf1c0badb935ef243c4733ff9a393b1690c0"},
    {file = "pywin32-306-cp39-cp39-win32.whl", hash = "sha256:e25fd5b485b55ac9c057f67d94bc203f3f6595078d1fb3b458c9c28b7153a802"},
    {file = "pywin32-306-cp39-cp39-win_amd64.whl", hash = "sha256:39b61c15272833b5c329a2989999dcae836b1eed650252ab1b7bfbe1d59f30f4"},
]

[[package]]
name = "six"
version = "1.16.0"
description = "Python 2 and 3 compatibility utilities"
optional = false
python-versions = ">=2.7, !=3.0.*, !=3.1.*, !=3.2.*"
files = [
    {file = "six-1.16.0-py2.py3-none-any.whl", hash = "sha256:8abb2f1d86890a2dfb989f9a77cfcfd3e47c2a354b01111771326f8aa26e0254"},
    {file = "six-1.16.0.tar.gz", hash = "sha256:1e61c37477a1626458e36f7b1d82aa5c9b094fa4802892072e49de9c60c4c926"},
]

[[package]]
name = "xlwings"
version = "0.30.13"
description = "Make Excel fly: Interact with Excel from Python and vice versa."
optional = false
python-versions = ">=3.8"
files = [
    {file = "xlwings-0.30.13-cp310-cp310-macosx_10_12_x86_64.whl", hash = "sha256:d7afd12b67f1ccf0ce5b730b97abfe1fc2a4ca582ad43efff03365ea1e128ecc"},
    {file = "xlwings-0.30.13-cp310-cp310-macosx_11_0_arm64.whl", hash = "sha256:a46bc7a9a2e3ca713f53cb3aafefcfc2a5a46bf6e57ac0d2d9806b0ba0d01dee"},
    {file = "xlwings-0.30.13-cp310-cp310-manylinux_2_17_aarch64.manylinux2014_aarch64.whl", hash = "sha256:3dd950e32e364c878795be8177bd073add7937cd413a412de1e60ef7ffb67be8"},
    {file = "xlwings-0.30.13-cp310-cp310-manylinux_2_17_armv7l.manylinux2014_armv7l.whl", hash = "sha256:b67dd596af795bc73882e989222511b825f682132f79db44502939f7c827fc5a"},
    {file = "xlwings-0.30.13-cp310-cp310-manylinux_2_17_x86_64.manylinux2014_x86_64.whl", hash = "sha256:16dfe153552436507f4bb02e8e77ed96f239acacf1510ba416fbc60970ce08f1"},
    {file = "xlwings-0.30.13-cp310-cp310-musllinux_1_1_aarch64.whl", hash = "sha256:da861f988bdf98efbc86dacd91e4a75abeee87455eecbfcd01b3519f61406465"},
    {file = "xlwings-0.30.13-cp310-cp310-musllinux_1_1_x86_64.whl", hash = "sha256:01e7e384b72ab061b941534692cc94c8438895964f8e8e23125e4d5700c2ef81"},
    {file = "xlwings-0.30.13-cp310-cp310-win_amd64.whl", hash = "sha256:1024678a0631c27e9d0132ab3fcf812179dc5eec6efdcfe402996ee0214fffdb"},
    {file = "xlwings-0.30.13-cp311-cp311-macosx_10_12_x86_64.whl", hash = "sha256:9df65fc9594a47c61e7953902c7a3584d0851e0ead0030a8cc83f2b60c808259"},
    {file = "xlwings-0.30.13-cp311-cp311-macosx_11_0_arm64.whl", hash = "sha256:035170cf9db0dead7d09f631a76e6faba8d9f4a24e23c4d2c1b548f33bb162b6"},
    {file = "xlwings-0.30.13-cp311-cp311-manylinux_2_17_aarch64.manylinux2014_aarch64.whl", hash = "sha256:0d8e64c9222bb1d794739180bcaaa03d0565736617d09ce9a23d57ca057e6e9c"},
    {file = "xlwings-0.30.13-cp311-cp311-manylinux_2_17_armv7l.manylinux2014_armv7l.whl", hash = "sha256:96055f2d0b64308b37dd04d34a5947032cec40b24c7156d521e071acd5d13ff4"},
    {file = "xlwings-0.30.13-cp311-cp311-manylinux_2_17_x86_64.manylinux2014_x86_64.whl", hash = "sha256:8d491a3e5d0faf1f2d312f42b60d275e2a7a4a0a68896588ec33879964819c05"},
    {file = "xlwings-0.30.13-cp311-cp311-musllinux_1_1_aarch64.whl", hash = "sha256:686cbff19a7f16e975ced81d8d44a4c20fdcc8fa078bf5406d5068d14563d6cf"},
    {file = "xlwings-0.30.13-cp311-cp311-musllinux_1_1_x86_64.whl", hash = "sha256:5a0af465819008e228e1046183227d2803c60357d9e6bcaed150d47269a1d60b"},
    {file = "xlwings-0.30.13-cp311-cp311-win_amd64.whl", hash = "sha256:965bfc945f75485fa486412690b22fc317b2fdba60fd7e0fdd01de56b6c9209b"},
    {file = "xlwings-0.30.13-cp312-cp312-macosx_10_12_x86_64.whl", hash = "sha256:799a03e8673190962aed995f424f07f7198fdf8be1f2a4050e8e05dafa2ea622"},
    {file = "xlwings-0.30.13-cp312-cp312-macosx_11_0_arm64.whl", hash = "sha256:0ac08a66593b26bd5e5f29af5940d0e9743342ad802f5a46ea215f0b6a39d046"},
    {file = "xlwings-0.30.13-cp312-cp312-manylinux_2_17_aarch64.manylinux2014_aarch64.whl", hash = "sha256:18420e45bba226ec739de4322e5709238499b64f2d5d9ea8e73d1d4eebf4a36c"},
    {file = "xlwings-0.30.13-cp312-cp312-manylinux_2_17_armv7l.manylinux2014_armv7l.whl", hash = "sha256:f3d0b27568efd4b4bb8bf25e92313a1cfa2eca272bba92d7cf649b199a47959b"},
    {file = "xlwings-0.30.13-cp312-cp312-manylinux_2_17_x86_64.manylinux2014_x86_64.whl", hash = "sha256:4366d5d4cf29845d92000c08fe9d0fdb82ef64a0fe4ec0cf2fd89412811cb39c"},
    {file = "xlwings-0.30.13-cp312-cp312-musllinux_1_1_aarch64.whl", hash = "sha256:678129bd8f05e45ea23a6c754aa683bbf65ab79d0856aed116e931d6ac73f3d2"},
    {file = "xlwings-0.30.13-cp312-cp312-musllinux_1_1_x86_64.whl", hash = "sha256:64fcf35c5bca4e539d572bb6e1147fd7c95a5b6e7747f99aae0372fe0fbd6c3e"},
    {file = "xlwings-0.30.13-cp312-cp312-win_amd64.whl", hash = "sha256:d56c0f91ba6cf5e5e1b4d13685b4afb47c629e40b0fe16cf5f55608d3fe8bf97"},
    {file = "xlwings-0.30.13-cp38-cp38-macosx_10_12_x86_64.whl", hash = "sha256:20070fdb93fb11889fb19eec6a95631f87fea8221a4bd0b89985cb59d25926e4"},
    {file = "xlwings-0.30.13-cp38-cp38-macosx_11_0_arm64.whl", hash = "sha256:12fbf643de6885d34fc1e931f703980795ee5aa5e5460db30a66f9e730d5172c"},
    {file = "xlwings-0.30.13-cp38-cp38-manylinux_2_17_aarch64.manylinux2014_aarch64.whl", hash = "sha256:660012fd2d33899db114f16eb8a565f6a6a32db95d42d8ab80af1a39841b189a"},
    {file = "xlwings-0.30.13-cp38-cp38-manylinux_2_17_armv7l.manylinux2014_armv7l.whl", hash = "sha256:78db0ab0ef1b4691b63f255fb185b6d56459ee6f9c51e80d78b52c8f995c4cd6"},
    {file = "xlwings-0.30.13-cp38-cp38-manylinux_2_17_x86_64.manylinux2014_x86_64.whl", hash = "sha256:888af9f14c9ba11053d095ae1525058b5c34b9fbf2b633b71170fd28137e7420"},
    {file = "xlwings-0.30.13-cp38-cp38-musllinux_1_1_aarch64.whl", hash = "sha256:5c29c978753ab3c275e17dcc65617fc8b6a426b865fc1456436544fb33fef435"},
    {file = "xlwings-0.30.13-cp38-cp38-musllinux_1_1_x86_64.whl", hash = "sha256:96a2a1e7208c134606645a6ea3ba306be07d61e2830e5b8bcd7d9cd51ec58c18"},
    {file = "xlwings-0.30.13-cp38-cp38-win_amd64.whl", hash = "sha256:5dc689e4e633a15f39303ac890264ed8cf09dde5d0ead5d680df1d2333268ecb"},
    {file = "xlwings-0.30.13-cp39-cp39-macosx_10_12_x86_64.whl", hash = "sha256:90d035ff07c3c1050ff00983baabcd1109dfe9fdc06b208aecd9fe542e2d4100"},
    {file = "xlwings-0.30.13-cp39-cp39-macosx_11_0_arm64.whl", hash = "sha256:7bf501a38e920258b724ad9c8eba783f1674213446a66ef5243b8524426c956f"},
    {file = "xlwings-0.30.13-cp39-cp39-manylinux_2_17_aarch64.manylinux2014_aarch64.whl", hash = "sha256:2550c2e1c3293b325c997fb25c97dbf9017037fa3d850822a56629eca6d034be"},
    {file = "xlwings-0.30.13-cp39-cp39-manylinux_2_17_armv7l.manylinux2014_armv7l.whl", hash = "sha256:2333ce3c93672adc411fac5d8b1c740346a1f2f48f81ec9688bafea443f2ac3a"},
    {file = "xlwings-0.30.13-cp39-cp39-manylinux_2_17_x86_64.manylinux2014_x86_64.whl", hash = "sha256:572bdf558225a751e940f52222f202fb5b20e01a6123463809b35adcd06a7ae9"},
    {file = "xlwings-0.30.13-cp39-cp39-musllinux_1_1_aarch64.whl", hash = "sha256:259a54d29dd4fddab34265f4e4cc4dde577b5f541e002da629ba918250d63ebc"},
    {file = "xlwings-0.30.13-cp39-cp39-musllinux_1_1_x86_64.whl", hash = "sha256:e9e0800388fcf976bf90ae17467973f5cf340dd4df0ef9322abf98f504386d33"},
    {file = "xlwings-0.30.13-cp39-cp39-win_amd64.whl", hash = "sha256:994c1c5ac01bf23286b49541266fbbc26d7804a3cb69e547f5ceec16d1979c1f"},
    {file = "xlwings-0.30.13.tar.gz", hash = "sha256:e023d93bbc7c5a3eec6fccb95f2e4652369f3c9bc617d1ec0769bd2880440d39"},
]

[package.dependencies]
appscript = {version = ">=1.0.1", markers = "platform_system == \"Darwin\""}
psutil = {version = ">=2.0.0", markers = "platform_system == \"Darwin\""}
pywin32 = {version = ">=224", markers = "platform_system == \"Windows\""}

[package.extras]
all = ["Jinja2", "black", "flask", "isort", "matplotlib", "pandas", "pdfrw", "plotly", "pytest", "requests"]
reports = ["Jinja2", "pdfrw"]

[metadata]
lock-version = "2.0"
python-versions = "^3.11"
content-hash = "2dba5375d5fa037e79c2bce0c4fb15e5ae0a8ee6cc7164550fc2aaf43eaa6b76"
